{
  "name": "web-node",
  "version": "1.0.129",
  "lockfileVersion": 1,
  "requires": true,
  "dependencies": {
    "boostnode": {
      "version": "1.0.6",
      "resolved": "https://registry.npmjs.org/boostnode/-/boostnode-1.0.6.tgz",
      "integrity": "sha1-MoIU/ETE6wOISvorxNIHCL3uKY0=",
      "dev": true
    },
    "bootstrap": {
      "version": "3.3.7",
      "resolved": "https://registry.npmjs.org/bootstrap/-/bootstrap-3.3.7.tgz",
      "integrity": "sha1-WjiTlFSfIzMIdaOxUGVldPip63E=",
      "dev": true
    },
    "clientnode": {
      "version": "1.0.290",
      "resolved": "https://registry.npmjs.org/clientnode/-/clientnode-1.0.290.tgz",
      "integrity": "sha512-wQ917UfI/U9edVCQq6E/XHqKFoZQhJ0Gvlpa/jJ4TPBTABrRWuNXAvoFiR/RZTGS5AB2fu5ZLO5ZBb9kS49ogg=="
    },
    "documentation-website": {
      "version": "1.0.79",
      "resolved": "https://registry.npmjs.org/documentation-website/-/documentation-website-1.0.79.tgz",
      "integrity": "sha512-TGEQyhdqgiAOsgrWDpKt2qvXg08W8klubF0nRg2fdcGeJlmM7UYWGbJAqy4kZwpVpN3qplAUs6wk+y4GyWzn4Q==",
      "dev": true,
      "requires": {
        "boostnode": "1.0.6",
        "website-utilities": "1.0.58"
      }
    },
    "internationalisation": {
      "version": "1.0.38",
      "resolved": "https://registry.npmjs.org/internationalisation/-/internationalisation-1.0.38.tgz",
      "integrity": "sha512-SMwbiF79j3JoRBYm/wNNYU0H7Eot2H44+eEuIcXf8RFuYOil13Hq7pcRnw+yyNaZDFpLfeOoWvABi6x4DrEXeg==",
      "dev": true
    },
    "jquery": {
      "version": "3.2.1",
      "resolved": "https://registry.npmjs.org/jquery/-/jquery-3.2.1.tgz",
      "integrity": "sha1-XE2d5lKvbNCncBVKYxu6ErAVx4c=",
      "dev": true
    },
    "jquery.scrollto": {
      "version": "2.1.2",
      "resolved": "https://registry.npmjs.org/jquery.scrollto/-/jquery.scrollto-2.1.2.tgz",
      "integrity": "sha1-51gNnHrEbvW7JTGUg/b0VxP9fGw=",
      "dev": true,
      "requires": {
        "jquery": "3.2.1"
      }
    },
    "keypress": {
      "version": "0.2.1",
      "resolved": "https://registry.npmjs.org/keypress/-/keypress-0.2.1.tgz",
      "integrity": "sha1-HoBFQlABjbrUw/6USX1uZ7YmnHc="
    },
    "spin.js": {
      "version": "2.3.2",
      "resolved": "https://registry.npmjs.org/spin.js/-/spin.js-2.3.2.tgz",
      "integrity": "sha1-bKpW1SBnNFD9XPvGlx5tB3LDeho=",
      "dev": true
    },
    "website-utilities": {
      "version": "1.0.58",
      "resolved": "https://registry.npmjs.org/website-utilities/-/website-utilities-1.0.58.tgz",
      "integrity": "sha512-gZDyPVkOPIJpzhxwRODEdkzuu9IIU3td5+uAIKS4fXFlyFWMLRijkqE4kq8g27sDMBKGL3gmSI/khxh6PceHOQ==",
      "dev": true,
      "requires": {
        "bootstrap": "3.3.7",
        "clientnode": "1.0.290",
        "internationalisation": "1.0.38",
        "jquery": "3.2.1",
        "jquery.scrollto": "2.1.2",
        "spin.js": "2.3.2"
      }
    }
  }
}
