{
  "name": "web-node",
  "version": "1.0.128",
  "lockfileVersion": 1,
  "requires": true,
  "dependencies": {
    "clientnode": {
      "version": "1.0.289",
      "resolved": "https://registry.npmjs.org/clientnode/-/clientnode-1.0.289.tgz",
      "integrity": "sha512-6JgjbZN1W5yS1Bo+7tyLlkcFawQ34QNmeEXWPHJC5GKzcSeXsNBxXwD2t+oEZ7xOUzGlvMUpght3fpBXtlYloQ=="
    },
    "keypress": {
      "version": "0.2.1",
      "resolved": "https://registry.npmjs.org/keypress/-/keypress-0.2.1.tgz",
      "integrity": "sha1-HoBFQlABjbrUw/6USX1uZ7YmnHc="
    }
  }
}
